
Microsoft Visual Studio Solution File, Format Version 12.00
# Visual Studio Version 17
VisualStudioVersion = 17.5.002.0
MinimumVisualStudioVersion = 10.0.40219.1
Project("{9A19103F-16F7-4668-BE54-9A1E7A4F7556}") = "AoC-2023", "AoC-2023.csproj", "{797D0C63-6442-4401-9E4B-8A6FE83EEF45}"
EndProject
Global
	GlobalSection(SolutionConfigurationPlatforms) = preSolution
		Debug|Any CPU = Debug|Any CPU
		Release|Any CPU = Release|Any CPU
	EndGlobalSection
	GlobalSection(ProjectConfigurationPlatforms) = postSolution
		{797D0C63-6442-4401-9E4B-8A6FE83EEF45}.Debug|Any CPU.ActiveCfg = Debug|Any CPU
		{797D0C63-6442-4401-9E4B-8A6FE83EEF45}.Debug|Any CPU.Build.0 = Debug|Any CPU
		{797D0C63-6442-4401-9E4B-8A6FE83EEF45}.Release|Any CPU.ActiveCfg = Release|Any CPU
		{797D0C63-6442-4401-9E4B-8A6FE83EEF45}.Release|Any CPU.Build.0 = Release|Any CPU
	EndGlobalSection
	GlobalSection(SolutionProperties) = preSolution
		HideSolutionNode = FALSE
	EndGlobalSection
	GlobalSection(ExtensibilityGlobals) = postSolution
		SolutionGuid = {2E5AAC05-8707-42A5-83B5-A9E8DFEDB17F}
	EndGlobalSection
EndGlobal
